{
  "lockfile_version": "1",
  "packages": {
    "pre-commit@3.6.2": {
      "last_modified": "2024-03-17T01:03:25Z",
      "resolved": "github:NixOS/nixpkgs/299d4668ba61600311553920d9fd9c102145b2cb#pre-commit",
      "source": "devbox-search",
      "version": "3.6.2",
      "systems": {
        "aarch64-darwin": {
          "store_path": "/nix/store/nwrn3g5v9bsrnd88v84q4q9japllx0jb-pre-commit-3.6.2"
        },
        "aarch64-linux": {
          "store_path": "/nix/store/61bnh53x2c6laq7vd7ssr23wm85zifs6-pre-commit-3.6.2"
        },
        "x86_64-darwin": {
          "store_path": "/nix/store/dpimv11qs1l3yyzb5nj94p2inpn35yj7-pre-commit-3.6.2"
        },
        "x86_64-linux": {
          "store_path": "/nix/store/1n78gswil3nq9fdrff4rb2li4y45y5w4-pre-commit-3.6.2"
        }
      }
    }
  }
}
